
Microsoft Visual Studio Solution File, Format Version 12.00
# Visual Studio Version 16
VisualStudioVersion = 16.0.30523.141
MinimumVisualStudioVersion = 10.0.40219.1
Project("{9A19103F-16F7-4668-BE54-9A1E7A4F7556}") = "AutoShop", "AutoShop\AutoShop.csproj", "{01610070-5C4A-466D-BEB7-DF583C2250ED}"
EndProject
Global
	GlobalSection(SolutionConfigurationPlatforms) = preSolution
		Debug|Any CPU = Debug|Any CPU
		Release|Any CPU = Release|Any CPU
	EndGlobalSection
	GlobalSection(ProjectConfigurationPlatforms) = postSolution
		{01610070-5C4A-466D-BEB7-DF583C2250ED}.Debug|Any CPU.ActiveCfg = Debug|Any CPU
		{01610070-5C4A-466D-BEB7-DF583C2250ED}.Debug|Any CPU.Build.0 = Debug|Any CPU
		{01610070-5C4A-466D-BEB7-DF583C2250ED}.Release|Any CPU.ActiveCfg = Release|Any CPU
		{01610070-5C4A-466D-BEB7-DF583C2250ED}.Release|Any CPU.Build.0 = Release|Any CPU
	EndGlobalSection
	GlobalSection(SolutionProperties) = preSolution
		HideSolutionNode = FALSE
	EndGlobalSection
	GlobalSection(ExtensibilityGlobals) = postSolution
		SolutionGuid = {B8E72F43-A071-4946-95D0-6BE58C593E53}
	EndGlobalSection
EndGlobal
